<?xml version="1.0"?>
<CONFIG>
  <ProjectOptions>
    <Version Value="9"/>
    <PathDelim Value="\"/>
    <General>
      <Flags>
        <MainUnitHasCreateFormStatements Value="False"/>
        <MainUnitHasTitleStatement Value="False"/>
      </Flags>
      <SessionStorage Value="InProjectDir"/>
      <MainUnit Value="0"/>
      <Title Value="project1"/>
      <UseAppBundle Value="False"/>
      <ResourceType Value="res"/>
    </General>
    <i18n>
      <EnableI18N LFM="False"/>
    </i18n>
    <VersionInfo>
      <StringTable ProductVersion=""/>
    </VersionInfo>
    <BuildModes Count="1">
      <Item1 Name="Default" Default="True"/>
    </BuildModes>
    <PublishOptions>
      <Version Value="2"/>
      <IncludeFileFilter Value="*.(pas|pp|inc|lfm|lpr|lrs|lpi|lpk|sh|xml)"/>
      <ExcludeFileFilter Value="*.(bak|ppu|o|so);*~;backup"/>
    </PublishOptions>
    <RunParams>
      <local>
        <FormatVersion Value="1"/>
      </local>
    </RunParams>
    <Units Count="10">
      <Unit0>
        <Filename Value="project1.lpr"/>
        <IsPartOfProject Value="True"/>
        <UnitName Value="project1"/>
      </Unit0>
      <Unit1>
        <Filename Value="chunhat.pas"/>
        <IsPartOfProject Value="True"/>
        <UnitName Value="chunhat"/>
      </Unit1>
      <Unit2>
        <Filename Value="bonchuso.pas"/>
        <IsPartOfProject Value="True"/>
        <UnitName Value="bonchuso"/>
      </Unit2>
      <Unit3>
        <Filename Value="chuso.pas"/>
        <IsPartOfProject Value="True"/>
        <UnitName Value="chuso"/>
      </Unit3>
      <Unit4>
        <Filename Value="dientich.pas"/>
        <IsPartOfProject Value="True"/>
        <UnitName Value="dientich"/>
      </Unit4>
      <Unit5>
        <Filename Value="phuongtrinh.pas"/>
        <IsPartOfProject Value="True"/>
        <UnitName Value="phuongtrinh"/>
      </Unit5>
      <Unit6>
        <Filename Value="solonnhat.pas"/>
        <IsPartOfProject Value="True"/>
        <UnitName Value="solonnhat"/>
      </Unit6>
      <Unit7>
        <Filename Value="tongchuso.pas"/>
        <IsPartOfProject Value="True"/>
        <UnitName Value="tongchuso"/>
      </Unit7>
      <Unit8>
        <Filename Value="vd1.1.pas"/>
        <IsPartOfProject Value="True"/>
      </Unit8>
      <Unit9>
        <Filename Value="vd1.2.pas"/>
        <IsPartOfProject Value="True"/>
      </Unit9>
    </Units>
  </ProjectOptions>
  <CompilerOptions>
    <Version Value="11"/>
    <PathDelim Value="\"/>
    <Target>
      <Filename Value="project1"/>
    </Target>
    <SearchPaths>
      <IncludeFiles Value="$(ProjOutDir)"/>
      <UnitOutputDirectory Value="lib\$(TargetCPU)-$(TargetOS)"/>
    </SearchPaths>
    <Other>
      <CompilerMessages>
        <MsgFileName Value=""/>
      </CompilerMessages>
      <CompilerPath Value="$(CompPath)"/>
    </Other>
  </CompilerOptions>
  <Debugging>
    <Exceptions Count="3">
      <Item1>
        <Name Value="EAbort"/>
      </Item1>
      <Item2>
        <Name Value="ECodetoolError"/>
      </Item2>
      <Item3>
        <Name Value="EFOpenError"/>
      </Item3>
    </Exceptions>
  </Debugging>
</CONFIG>
